PODS:
  - Flutter (1.0.0)
  - flutter_share (0.0.1):
    - Flutter
  - FMDB (2.7.5):
    - FMDB/standard (= 2.7.5)
  - FMDB/standard (2.7.5)
  - image_picker (0.0.1):
    - Flutter
  - path_provider (0.0.1):
    - Flutter
  - psiphon (0.0.1):
    - Flutter
    - PsiphonTunnel
  - PsiphonTunnel (2.0.14)
  - shared_preferences (0.0.1):
    - Flutter
  - sqflite (0.0.2):
    - Flutter
    - FMDB (>= 2.7.5)
  - url_launcher (0.0.1):
    - Flutter

DEPENDENCIES:
  - Flutter (from `Flutter`)
  - flutter_share (from `.symlinks/plugins/flutter_share/ios`)
  - image_picker (from `.symlinks/plugins/image_picker/ios`)
  - path_provider (from `.symlinks/plugins/path_provider/ios`)
  - psiphon (from `.symlinks/plugins/psiphon/ios`)
  - PsiphonTunnel (from `https://github.com/Psiphon-Labs/psiphon-tunnel-core-iOS-library.git`)
  - shared_preferences (from `.symlinks/plugins/shared_preferences/ios`)
  - sqflite (from `.symlinks/plugins/sqflite/ios`)
  - url_launcher (from `.symlinks/plugins/url_launcher/ios`)

SPEC REPOS:
  trunk:
    - FMDB

EXTERNAL SOURCES:
  Flutter:
    :path: Flutter
  flutter_share:
    :path: ".symlinks/plugins/flutter_share/ios"
  image_picker:
    :path: ".symlinks/plugins/image_picker/ios"
  path_provider:
    :path: ".symlinks/plugins/path_provider/ios"
  psiphon:
    :path: ".symlinks/plugins/psiphon/ios"
  PsiphonTunnel:
    :git: https://github.com/Psiphon-Labs/psiphon-tunnel-core-iOS-library.git
  shared_preferences:
    :path: ".symlinks/plugins/shared_preferences/ios"
  sqflite:
    :path: ".symlinks/plugins/sqflite/ios"
  url_launcher:
    :path: ".symlinks/plugins/url_launcher/ios"

CHECKOUT OPTIONS:
  PsiphonTunnel:
    :commit: cfd6685df17fc64068429627eae01feb2aa48021
    :git: https://github.com/Psiphon-Labs/psiphon-tunnel-core-iOS-library.git

SPEC CHECKSUMS:
  Flutter: 434fef37c0980e73bb6479ef766c45957d4b510c
  flutter_share: 4be0208963c60b537e6255ed2ce1faae61cd9ac2
  FMDB: 2ce00b547f966261cd18927a3ddb07cb6f3db82a
  image_picker: e06f7a68f000bd36f552c1847e33cda96ed31f1f
  path_provider: abfe2b5c733d04e238b0d8691db0cfd63a27a93c
  psiphon: 236bdd8a201e32e4421781890b4241d87e3878c8
  PsiphonTunnel: c223ae61d3ad54d25b4191337bde3db24d41b6f4
  shared_preferences: af6bfa751691cdc24be3045c43ec037377ada40d
  sqflite: 6d358c025f5b867b29ed92fc697fd34924e11904
  url_launcher: 6fef411d543ceb26efce54b05a0a40bfd74cbbef

PODFILE CHECKSUM: 8368d2260157c384805c3f7c857d118b4cd1b96e

COCOAPODS: 1.10.1
