PODS:
  - Flutter (1.0.0)
  - flutter_share (0.0.1):
    - Flutter
  - FMDB (2.7.5):
    - FMDB/standard (= 2.7.5)
  - FMDB/standard (2.7.5)
  - image_picker_ios (0.0.1):
    - Flutter
  - path_provider_foundation (0.0.1):
    - Flutter
    - FlutterMacOS
  - psiphon (0.0.1):
    - Flutter
    - PsiphonTunnel
  - PsiphonTunnel (2.0.29)
  - shared_preferences_foundation (0.0.1):
    - Flutter
    - FlutterMacOS
  - sqflite (0.0.3):
    - Flutter
    - FMDB (>= 2.7.5)
  - url_launcher_ios (0.0.1):
    - Flutter

DEPENDENCIES:
  - Flutter (from `Flutter`)
  - flutter_share (from `.symlinks/plugins/flutter_share/ios`)
  - image_picker_ios (from `.symlinks/plugins/image_picker_ios/ios`)
  - path_provider_foundation (from `.symlinks/plugins/path_provider_foundation/darwin`)
  - psiphon (from `.symlinks/plugins/psiphon/ios`)
  - PsiphonTunnel (from `https://github.com/Psiphon-Labs/psiphon-tunnel-core-iOS-library.git`)
  - shared_preferences_foundation (from `.symlinks/plugins/shared_preferences_foundation/darwin`)
  - sqflite (from `.symlinks/plugins/sqflite/ios`)
  - url_launcher_ios (from `.symlinks/plugins/url_launcher_ios/ios`)

SPEC REPOS:
  trunk:
    - FMDB

EXTERNAL SOURCES:
  Flutter:
    :path: Flutter
  flutter_share:
    :path: ".symlinks/plugins/flutter_share/ios"
  image_picker_ios:
    :path: ".symlinks/plugins/image_picker_ios/ios"
  path_provider_foundation:
    :path: ".symlinks/plugins/path_provider_foundation/darwin"
  psiphon:
    :path: ".symlinks/plugins/psiphon/ios"
  PsiphonTunnel:
    :git: https://github.com/Psiphon-Labs/psiphon-tunnel-core-iOS-library.git
  shared_preferences_foundation:
    :path: ".symlinks/plugins/shared_preferences_foundation/darwin"
  sqflite:
    :path: ".symlinks/plugins/sqflite/ios"
  url_launcher_ios:
    :path: ".symlinks/plugins/url_launcher_ios/ios"

CHECKOUT OPTIONS:
  PsiphonTunnel:
    :commit: f96dfe6694d38b8deb1336d08198f8f39836fa71
    :git: https://github.com/Psiphon-Labs/psiphon-tunnel-core-iOS-library.git

SPEC CHECKSUMS:
  Flutter: f04841e97a9d0b0a8025694d0796dd46242b2854
  flutter_share: 4be0208963c60b537e6255ed2ce1faae61cd9ac2
  FMDB: 2ce00b547f966261cd18927a3ddb07cb6f3db82a
  image_picker_ios: 4a8aadfbb6dc30ad5141a2ce3832af9214a705b5
  path_provider_foundation: eaf5b3e458fc0e5fbb9940fb09980e853fe058b8
  psiphon: 236bdd8a201e32e4421781890b4241d87e3878c8
  PsiphonTunnel: 7785584304167e31e2c116051369c01135655396
  shared_preferences_foundation: 5b919d13b803cadd15ed2dc053125c68730e5126
  sqflite: 31f7eba61e3074736dff8807a9b41581e4f7f15a
  url_launcher_ios: 08a3dfac5fb39e8759aeb0abbd5d9480f30fc8b4

PODFILE CHECKSUM: 86f85930908fbcdf07c3a81ae507562ec3d9f8a9

COCOAPODS: 1.11.3
